// !$*UTF8*$!
{
	archiveVersion = 1;
	classes = {
	};
	objectVersion = 56;
	objects = {

/* Begin PBXBuildFile section */
		3B25CDC72A6AAEFB00F86548 /* FavoriteTableViewController.swift in Sources */ = {isa = PBXBuildFile; fileRef = 3B25CDC62A6AAEFB00F86548 /* FavoriteTableViewController.swift */; };
		3B25CDC92A6AB02100F86548 /* MovieTableViewCell.swift in Sources */ = {isa = PBXBuildFile; fileRef = 3B25CDC82A6AB02100F86548 /* MovieTableViewCell.swift */; };
		3B2D72BA2B6DAACB00BD5C64 /* SeasonsSeriesViewController.swift in Sources */ = {isa = PBXBuildFile; fileRef = 3B2D72B92B6DAACB00BD5C64 /* SeasonsSeriesViewController.swift */; };
		3B2D72BC2B6DAFD000BD5C64 /* Season.swift in Sources */ = {isa = PBXBuildFile; fileRef = 3B2D72BB2B6DAFD000BD5C64 /* Season.swift */; };
		3B32AA722AAC3EB300B1CACA /* LeaveProfileViewController.swift in Sources */ = {isa = PBXBuildFile; fileRef = 3B32AA712AAC3EB300B1CACA /* LeaveProfileViewController.swift */; };
		3B3FEB9A2A802D61007C1453 /* ProfileViewController.swift in Sources */ = {isa = PBXBuildFile; fileRef = 3B3FEB992A802D61007C1453 /* ProfileViewController.swift */; };
		3B3FEB9C2A803549007C1453 /* LanguageViewController.swift in Sources */ = {isa = PBXBuildFile; fileRef = 3B3FEB9B2A803549007C1453 /* LanguageViewController.swift */; };
		3B4996E02ACFC2A500EFF588 /* SearchViewController.swift in Sources */ = {isa = PBXBuildFile; fileRef = 3B4996DF2ACFC2A500EFF588 /* SearchViewController.swift */; };
		3B4E89C52ACB04C6003B2009 /* Urls.swift in Sources */ = {isa = PBXBuildFile; fileRef = 3B4E89C42ACB04C6003B2009 /* Urls.swift */; };
		3B4E89CA2ACB0744003B2009 /* Storage.swift in Sources */ = {isa = PBXBuildFile; fileRef = 3B4E89C92ACB0744003B2009 /* Storage.swift */; };
		3B4E89CD2ACB15EE003B2009 /* Movie.swift in Sources */ = {isa = PBXBuildFile; fileRef = 3B4E89CC2ACB15EE003B2009 /* Movie.swift */; };
		3B4E89CF2ACB16AA003B2009 /* Screenshot.swift in Sources */ = {isa = PBXBuildFile; fileRef = 3B4E89CE2ACB16AA003B2009 /* Screenshot.swift */; };
		3B4E89D12ACB16B7003B2009 /* CategoryAge.swift in Sources */ = {isa = PBXBuildFile; fileRef = 3B4E89D02ACB16B7003B2009 /* CategoryAge.swift */; };
		3B4E89D32ACB16C5003B2009 /* Genre.swift in Sources */ = {isa = PBXBuildFile; fileRef = 3B4E89D22ACB16C5003B2009 /* Genre.swift */; };
		3B4E89D52ACB16D1003B2009 /* Category.swift in Sources */ = {isa = PBXBuildFile; fileRef = 3B4E89D42ACB16D1003B2009 /* Category.swift */; };
		3B4E89D72ACD333A003B2009 /* Profile.swift in Sources */ = {isa = PBXBuildFile; fileRef = 3B4E89D62ACD333A003B2009 /* Profile.swift */; };
		3B4E89D92ACE98D7003B2009 /* SignUpViewController.swift in Sources */ = {isa = PBXBuildFile; fileRef = 3B4E89D82ACE98D7003B2009 /* SignUpViewController.swift */; };
		3B520ECA2A801C1E00B978D7 /* Localizable.strings in Resources */ = {isa = PBXBuildFile; fileRef = 3B520ECC2A801C1E00B978D7 /* Localizable.strings */; };
		3B66DCC62B04EE48005DE52D /* BannerCollectionViewCell.swift in Sources */ = {isa = PBXBuildFile; fileRef = 3B66DCC52B04EE48005DE52D /* BannerCollectionViewCell.swift */; };
		3B66DCC82B062FA1005DE52D /* OnboardingViewController.swift in Sources */ = {isa = PBXBuildFile; fileRef = 3B66DCC72B062FA1005DE52D /* OnboardingViewController.swift */; };
		3B6D5DAC2AF1A07100F0C98F /* CategoryTableViewController.swift in Sources */ = {isa = PBXBuildFile; fileRef = 3B6D5DAB2AF1A07100F0C98F /* CategoryTableViewController.swift */; };
		3B6D5DAE2AF1A34700F0C98F /* MovieCell.xib in Resources */ = {isa = PBXBuildFile; fileRef = 3B6D5DAD2AF1A34700F0C98F /* MovieCell.xib */; };
		3B89E80C2B0B49C0006FAB6E /* MovieInfoViewController.swift in Sources */ = {isa = PBXBuildFile; fileRef = 3B89E80B2B0B49C0006FAB6E /* MovieInfoViewController.swift */; };
		3B89E80E2B0B5D18006FAB6E /* GradientView.swift in Sources */ = {isa = PBXBuildFile; fileRef = 3B89E80D2B0B5D18006FAB6E /* GradientView.swift */; };
		3B8B569D2A6A881400119AD7 /* AppDelegate.swift in Sources */ = {isa = PBXBuildFile; fileRef = 3B8B569C2A6A881400119AD7 /* AppDelegate.swift */; };
		3B8B569F2A6A881400119AD7 /* SceneDelegate.swift in Sources */ = {isa = PBXBuildFile; fileRef = 3B8B569E2A6A881400119AD7 /* SceneDelegate.swift */; };
		3B8B56A12A6A881400119AD7 /* SignInViewController.swift in Sources */ = {isa = PBXBuildFile; fileRef = 3B8B56A02A6A881400119AD7 /* SignInViewController.swift */; };
		3B8B56A42A6A881400119AD7 /* Main.storyboard in Resources */ = {isa = PBXBuildFile; fileRef = 3B8B56A22A6A881400119AD7 /* Main.storyboard */; };
		3B8B56A62A6A881400119AD7 /* Assets.xcassets in Resources */ = {isa = PBXBuildFile; fileRef = 3B8B56A52A6A881400119AD7 /* Assets.xcassets */; };
		3B8B56A92A6A881400119AD7 /* LaunchScreen.storyboard in Resources */ = {isa = PBXBuildFile; fileRef = 3B8B56A72A6A881400119AD7 /* LaunchScreen.storyboard */; };
		3B8B56B12A6A9B7400119AD7 /* TabBarController.swift in Sources */ = {isa = PBXBuildFile; fileRef = 3B8B56B02A6A9B7400119AD7 /* TabBarController.swift */; };
		3B8B56B62A6AA3A700119AD7 /* SFProDisplay-Regular.ttf in Resources */ = {isa = PBXBuildFile; fileRef = 3B8B56B32A6AA3A700119AD7 /* SFProDisplay-Regular.ttf */; };
		3B8B56B72A6AA3A700119AD7 /* SF-Pro-Display-Semibold.otf in Resources */ = {isa = PBXBuildFile; fileRef = 3B8B56B42A6AA3A700119AD7 /* SF-Pro-Display-Semibold.otf */; };
		3B8B56B82A6AA3A700119AD7 /* SFProDisplay-Bold.ttf in Resources */ = {isa = PBXBuildFile; fileRef = 3B8B56B52A6AA3A700119AD7 /* SFProDisplay-Bold.ttf */; };
		3B8F45D42A88BCC000BB21A3 /* EditProfileViewController.swift in Sources */ = {isa = PBXBuildFile; fileRef = 3B8F45D32A88BCC000BB21A3 /* EditProfileViewController.swift */; };
		3B9BBBF52C6C69120073D9C5 /* ChangePasswordViewController.swift in Sources */ = {isa = PBXBuildFile; fileRef = 3B9BBBF42C6C69120073D9C5 /* ChangePasswordViewController.swift */; };
		3BD01E952AC7E17A00EB3B49 /* TextFieldWithPadding.swift in Sources */ = {isa = PBXBuildFile; fileRef = 3BD01E942AC7E17A00EB3B49 /* TextFieldWithPadding.swift */; };
		3BD946AC2B04E85B00D43340 /* BannerMovie.swift in Sources */ = {isa = PBXBuildFile; fileRef = 3BD946AB2B04E85B00D43340 /* BannerMovie.swift */; };
		3BD946AE2B04EA0900D43340 /* MainBannerTableViewCell.swift in Sources */ = {isa = PBXBuildFile; fileRef = 3BD946AD2B04EA0900D43340 /* MainBannerTableViewCell.swift */; };
		3BD946B02B04EA2A00D43340 /* HistoryTableViewCell.swift in Sources */ = {isa = PBXBuildFile; fileRef = 3BD946AF2B04EA2A00D43340 /* HistoryTableViewCell.swift */; };
		3BD946B22B04EA3900D43340 /* GenreAgeTableViewCell.swift in Sources */ = {isa = PBXBuildFile; fileRef = 3BD946B12B04EA3900D43340 /* GenreAgeTableViewCell.swift */; };
		3BDC7ED02AFC9BAC009DF06B /* MainMovies.swift in Sources */ = {isa = PBXBuildFile; fileRef = 3BDC7ECF2AFC9BAC009DF06B /* MainMovies.swift */; };
		3BDC7ED32AFC9D1E009DF06B /* MainPageViewController.swift in Sources */ = {isa = PBXBuildFile; fileRef = 3BDC7ED22AFC9D1E009DF06B /* MainPageViewController.swift */; };
		3BDC7ED52AFD2374009DF06B /* MainTableViewCell.swift in Sources */ = {isa = PBXBuildFile; fileRef = 3BDC7ED42AFD2374009DF06B /* MainTableViewCell.swift */; };
		3BE88CF02B2E1F7200EA5A23 /* Label.swift in Sources */ = {isa = PBXBuildFile; fileRef = 3BE88CEF2B2E1F7200EA5A23 /* Label.swift */; };
		3BE88CF32B2E498A00EA5A23 /* MoviePlayerViewController.swift in Sources */ = {isa = PBXBuildFile; fileRef = 3BE88CF22B2E498A00EA5A23 /* MoviePlayerViewController.swift */; };
		7E40F1EF9B378254FE0D1CE1 /* Pods_OzinsheDemo.framework in Frameworks */ = {isa = PBXBuildFile; fileRef = 868BA76430E6791776B54DC5 /* Pods_OzinsheDemo.framework */; };
/* End PBXBuildFile section */

/* Begin PBXFileReference section */
		3B25CDC62A6AAEFB00F86548 /* FavoriteTableViewController.swift */ = {isa = PBXFileReference; lastKnownFileType = sourcecode.swift; path = FavoriteTableViewController.swift; sourceTree = "<group>"; };
		3B25CDC82A6AB02100F86548 /* MovieTableViewCell.swift */ = {isa = PBXFileReference; lastKnownFileType = sourcecode.swift; path = MovieTableViewCell.swift; sourceTree = "<group>"; };
		3B2D72B92B6DAACB00BD5C64 /* SeasonsSeriesViewController.swift */ = {isa = PBXFileReference; lastKnownFileType = sourcecode.swift; path = SeasonsSeriesViewController.swift; sourceTree = "<group>"; };
		3B2D72BB2B6DAFD000BD5C64 /* Season.swift */ = {isa = PBXFileReference; lastKnownFileType = sourcecode.swift; path = Season.swift; sourceTree = "<group>"; };
		3B32AA712AAC3EB300B1CACA /* LeaveProfileViewController.swift */ = {isa = PBXFileReference; lastKnownFileType = sourcecode.swift; path = LeaveProfileViewController.swift; sourceTree = "<group>"; };
		3B3FEB992A802D61007C1453 /* ProfileViewController.swift */ = {isa = PBXFileReference; lastKnownFileType = sourcecode.swift; path = ProfileViewController.swift; sourceTree = "<group>"; };
		3B3FEB9B2A803549007C1453 /* LanguageViewController.swift */ = {isa = PBXFileReference; lastKnownFileType = sourcecode.swift; path = LanguageViewController.swift; sourceTree = "<group>"; };
		3B4996DF2ACFC2A500EFF588 /* SearchViewController.swift */ = {isa = PBXFileReference; lastKnownFileType = sourcecode.swift; path = SearchViewController.swift; sourceTree = "<group>"; };
		3B4E89C42ACB04C6003B2009 /* Urls.swift */ = {isa = PBXFileReference; lastKnownFileType = sourcecode.swift; path = Urls.swift; sourceTree = "<group>"; };
		3B4E89C92ACB0744003B2009 /* Storage.swift */ = {isa = PBXFileReference; lastKnownFileType = sourcecode.swift; path = Storage.swift; sourceTree = "<group>"; };
		3B4E89CC2ACB15EE003B2009 /* Movie.swift */ = {isa = PBXFileReference; lastKnownFileType = sourcecode.swift; path = Movie.swift; sourceTree = "<group>"; };
		3B4E89CE2ACB16AA003B2009 /* Screenshot.swift */ = {isa = PBXFileReference; lastKnownFileType = sourcecode.swift; path = Screenshot.swift; sourceTree = "<group>"; };
		3B4E89D02ACB16B7003B2009 /* CategoryAge.swift */ = {isa = PBXFileReference; lastKnownFileType = sourcecode.swift; path = CategoryAge.swift; sourceTree = "<group>"; };
		3B4E89D22ACB16C5003B2009 /* Genre.swift */ = {isa = PBXFileReference; lastKnownFileType = sourcecode.swift; path = Genre.swift; sourceTree = "<group>"; };
		3B4E89D42ACB16D1003B2009 /* Category.swift */ = {isa = PBXFileReference; lastKnownFileType = sourcecode.swift; path = Category.swift; sourceTree = "<group>"; };
		3B4E89D62ACD333A003B2009 /* Profile.swift */ = {isa = PBXFileReference; lastKnownFileType = sourcecode.swift; path = Profile.swift; sourceTree = "<group>"; };
		3B4E89D82ACE98D7003B2009 /* SignUpViewController.swift */ = {isa = PBXFileReference; lastKnownFileType = sourcecode.swift; path = SignUpViewController.swift; sourceTree = "<group>"; };
		3B520ECB2A801C1E00B978D7 /* en */ = {isa = PBXFileReference; lastKnownFileType = text.plist.strings; name = en; path = en.lproj/Localizable.strings; sourceTree = "<group>"; };
		3B520ECD2A801C5F00B978D7 /* ru */ = {isa = PBXFileReference; lastKnownFileType = text.plist.strings; name = ru; path = ru.lproj/Localizable.strings; sourceTree = "<group>"; };
		3B520ECE2A801C9600B978D7 /* kk */ = {isa = PBXFileReference; lastKnownFileType = text.plist.strings; name = kk; path = kk.lproj/Localizable.strings; sourceTree = "<group>"; };
		3B66DCC52B04EE48005DE52D /* BannerCollectionViewCell.swift */ = {isa = PBXFileReference; lastKnownFileType = sourcecode.swift; path = BannerCollectionViewCell.swift; sourceTree = "<group>"; };
		3B66DCC72B062FA1005DE52D /* OnboardingViewController.swift */ = {isa = PBXFileReference; lastKnownFileType = sourcecode.swift; path = OnboardingViewController.swift; sourceTree = "<group>"; };
		3B6D5DAB2AF1A07100F0C98F /* CategoryTableViewController.swift */ = {isa = PBXFileReference; lastKnownFileType = sourcecode.swift; path = CategoryTableViewController.swift; sourceTree = "<group>"; };
		3B6D5DAD2AF1A34700F0C98F /* MovieCell.xib */ = {isa = PBXFileReference; lastKnownFileType = file.xib; path = MovieCell.xib; sourceTree = "<group>"; };
		3B89E80B2B0B49C0006FAB6E /* MovieInfoViewController.swift */ = {isa = PBXFileReference; lastKnownFileType = sourcecode.swift; path = MovieInfoViewController.swift; sourceTree = "<group>"; };
		3B89E80D2B0B5D18006FAB6E /* GradientView.swift */ = {isa = PBXFileReference; lastKnownFileType = sourcecode.swift; path = GradientView.swift; sourceTree = "<group>"; };
		3B8B56992A6A881400119AD7 /* OzinsheDemo.app */ = {isa = PBXFileReference; explicitFileType = wrapper.application; includeInIndex = 0; path = OzinsheDemo.app; sourceTree = BUILT_PRODUCTS_DIR; };
		3B8B569C2A6A881400119AD7 /* AppDelegate.swift */ = {isa = PBXFileReference; lastKnownFileType = sourcecode.swift; path = AppDelegate.swift; sourceTree = "<group>"; };
		3B8B569E2A6A881400119AD7 /* SceneDelegate.swift */ = {isa = PBXFileReference; lastKnownFileType = sourcecode.swift; path = SceneDelegate.swift; sourceTree = "<group>"; };
		3B8B56A02A6A881400119AD7 /* SignInViewController.swift */ = {isa = PBXFileReference; lastKnownFileType = sourcecode.swift; path = SignInViewController.swift; sourceTree = "<group>"; };
		3B8B56A32A6A881400119AD7 /* Base */ = {isa = PBXFileReference; lastKnownFileType = file.storyboard; name = Base; path = Base.lproj/Main.storyboard; sourceTree = "<group>"; };
		3B8B56A52A6A881400119AD7 /* Assets.xcassets */ = {isa = PBXFileReference; lastKnownFileType = folder.assetcatalog; path = Assets.xcassets; sourceTree = "<group>"; };
		3B8B56A82A6A881400119AD7 /* Base */ = {isa = PBXFileReference; lastKnownFileType = file.storyboard; name = Base; path = Base.lproj/LaunchScreen.storyboard; sourceTree = "<group>"; };
		3B8B56AA2A6A881400119AD7 /* Info.plist */ = {isa = PBXFileReference; lastKnownFileType = text.plist.xml; path = Info.plist; sourceTree = "<group>"; };
		3B8B56B02A6A9B7400119AD7 /* TabBarController.swift */ = {isa = PBXFileReference; lastKnownFileType = sourcecode.swift; path = TabBarController.swift; sourceTree = "<group>"; };
		3B8B56B32A6AA3A700119AD7 /* SFProDisplay-Regular.ttf */ = {isa = PBXFileReference; lastKnownFileType = file; name = "SFProDisplay-Regular.ttf"; path = "OzinsheDemo/Fonts/SFProDisplay-Regular.ttf"; sourceTree = SOURCE_ROOT; };
		3B8B56B42A6AA3A700119AD7 /* SF-Pro-Display-Semibold.otf */ = {isa = PBXFileReference; lastKnownFileType = file; name = "SF-Pro-Display-Semibold.otf"; path = "OzinsheDemo/Fonts/SF-Pro-Display-Semibold.otf"; sourceTree = SOURCE_ROOT; };
		3B8B56B52A6AA3A700119AD7 /* SFProDisplay-Bold.ttf */ = {isa = PBXFileReference; lastKnownFileType = file; name = "SFProDisplay-Bold.ttf"; path = "OzinsheDemo/Fonts/SFProDisplay-Bold.ttf"; sourceTree = SOURCE_ROOT; };
		3B8F45D32A88BCC000BB21A3 /* EditProfileViewController.swift */ = {isa = PBXFileReference; lastKnownFileType = sourcecode.swift; path = EditProfileViewController.swift; sourceTree = "<group>"; };
		3B9BBBF42C6C69120073D9C5 /* ChangePasswordViewController.swift */ = {isa = PBXFileReference; lastKnownFileType = sourcecode.swift; path = ChangePasswordViewController.swift; sourceTree = "<group>"; };
		3BD01E942AC7E17A00EB3B49 /* TextFieldWithPadding.swift */ = {isa = PBXFileReference; lastKnownFileType = sourcecode.swift; path = TextFieldWithPadding.swift; sourceTree = "<group>"; };
		3BD946AB2B04E85B00D43340 /* BannerMovie.swift */ = {isa = PBXFileReference; lastKnownFileType = sourcecode.swift; path = BannerMovie.swift; sourceTree = "<group>"; };
		3BD946AD2B04EA0900D43340 /* MainBannerTableViewCell.swift */ = {isa = PBXFileReference; lastKnownFileType = sourcecode.swift; path = MainBannerTableViewCell.swift; sourceTree = "<group>"; };
		3BD946AF2B04EA2A00D43340 /* HistoryTableViewCell.swift */ = {isa = PBXFileReference; lastKnownFileType = sourcecode.swift; path = HistoryTableViewCell.swift; sourceTree = "<group>"; };
		3BD946B12B04EA3900D43340 /* GenreAgeTableViewCell.swift */ = {isa = PBXFileReference; lastKnownFileType = sourcecode.swift; path = GenreAgeTableViewCell.swift; sourceTree = "<group>"; };
		3BDC7ECD2AF8ACB8009DF06B /* SwiftUI.framework */ = {isa = PBXFileReference; lastKnownFileType = wrapper.framework; name = SwiftUI.framework; path = System/Library/Frameworks/SwiftUI.framework; sourceTree = SDKROOT; };
		3BDC7ECF2AFC9BAC009DF06B /* MainMovies.swift */ = {isa = PBXFileReference; lastKnownFileType = sourcecode.swift; path = MainMovies.swift; sourceTree = "<group>"; };
		3BDC7ED22AFC9D1E009DF06B /* MainPageViewController.swift */ = {isa = PBXFileReference; lastKnownFileType = sourcecode.swift; path = MainPageViewController.swift; sourceTree = "<group>"; };
		3BDC7ED42AFD2374009DF06B /* MainTableViewCell.swift */ = {isa = PBXFileReference; lastKnownFileType = sourcecode.swift; path = MainTableViewCell.swift; sourceTree = "<group>"; };
		3BE88CEF2B2E1F7200EA5A23 /* Label.swift */ = {isa = PBXFileReference; lastKnownFileType = sourcecode.swift; path = Label.swift; sourceTree = "<group>"; };
		3BE88CF22B2E498A00EA5A23 /* MoviePlayerViewController.swift */ = {isa = PBXFileReference; lastKnownFileType = sourcecode.swift; path = MoviePlayerViewController.swift; sourceTree = "<group>"; };
		868BA76430E6791776B54DC5 /* Pods_OzinsheDemo.framework */ = {isa = PBXFileReference; explicitFileType = wrapper.framework; includeInIndex = 0; path = Pods_OzinsheDemo.framework; sourceTree = BUILT_PRODUCTS_DIR; };
		D3682545D25691642C52235E /* Pods-OzinsheDemo.debug.xcconfig */ = {isa = PBXFileReference; includeInIndex = 1; lastKnownFileType = text.xcconfig; name = "Pods-OzinsheDemo.debug.xcconfig"; path = "Target Support Files/Pods-OzinsheDemo/Pods-OzinsheDemo.debug.xcconfig"; sourceTree = "<group>"; };
		E72B72D5F969B03141CACF6E /* Pods-OzinsheDemo.release.xcconfig */ = {isa = PBXFileReference; includeInIndex = 1; lastKnownFileType = text.xcconfig; name = "Pods-OzinsheDemo.release.xcconfig"; path = "Target Support Files/Pods-OzinsheDemo/Pods-OzinsheDemo.release.xcconfig"; sourceTree = "<group>"; };
/* End PBXFileReference section */

/* Begin PBXFrameworksBuildPhase section */
		3B8B56962A6A881400119AD7 /* Frameworks */ = {
			isa = PBXFrameworksBuildPhase;
			buildActionMask = 2147483647;
			files = (
				7E40F1EF9B378254FE0D1CE1 /* Pods_OzinsheDemo.framework in Frameworks */,
			);
			runOnlyForDeploymentPostprocessing = 0;
		};
/* End PBXFrameworksBuildPhase section */

/* Begin PBXGroup section */
		3B25CDC52A6AAEB000F86548 /* Controllers */ = {
			isa = PBXGroup;
			children = (
				3B25CDC82A6AB02100F86548 /* MovieTableViewCell.swift */,
				3B66DCC72B062FA1005DE52D /* OnboardingViewController.swift */,
				3B8B56B02A6A9B7400119AD7 /* TabBarController.swift */,
				3B4E89D82ACE98D7003B2009 /* SignUpViewController.swift */,
				3B8B56A02A6A881400119AD7 /* SignInViewController.swift */,
				3BE88CF12B2E497100EA5A23 /* MoviePlayer */,
				3B2D72B82B6DAA9C00BD5C64 /* Seasons */,
				3BE88CEC2B2E158000EA5A23 /* MovieInfo */,
				3BDC7ED12AFC9CF2009DF06B /* MainPage */,
				3B6D5DAA2AF19FF900F0C98F /* Search */,
				3BFEC6BD2AC7B21A002D89EA /* Favorite */,
				3BFEC6BC2AC7B20F002D89EA /* Profile */,
				3B6D5DAD2AF1A34700F0C98F /* MovieCell.xib */,
			);
			path = Controllers;
			sourceTree = "<group>";
		};
		3B2D72B82B6DAA9C00BD5C64 /* Seasons */ = {
			isa = PBXGroup;
			children = (
				3B2D72B92B6DAACB00BD5C64 /* SeasonsSeriesViewController.swift */,
			);
			path = Seasons;
			sourceTree = "<group>";
		};
		3B4E89C32ACB04B6003B2009 /* Static */ = {
			isa = PBXGroup;
			children = (
				3B4E89C42ACB04C6003B2009 /* Urls.swift */,
			);
			path = Static;
			sourceTree = "<group>";
		};
		3B4E89C82ACB0737003B2009 /* SharedInstance */ = {
			isa = PBXGroup;
			children = (
				3B4E89C92ACB0744003B2009 /* Storage.swift */,
			);
			path = SharedInstance;
			sourceTree = "<group>";
		};
		3B4E89CB2ACB15DF003B2009 /* Model */ = {
			isa = PBXGroup;
			children = (
				3B4E89CC2ACB15EE003B2009 /* Movie.swift */,
				3B4E89CE2ACB16AA003B2009 /* Screenshot.swift */,
				3B4E89D02ACB16B7003B2009 /* CategoryAge.swift */,
				3B4E89D22ACB16C5003B2009 /* Genre.swift */,
				3B4E89D42ACB16D1003B2009 /* Category.swift */,
				3B4E89D62ACD333A003B2009 /* Profile.swift */,
				3BDC7ECF2AFC9BAC009DF06B /* MainMovies.swift */,
				3BD946AB2B04E85B00D43340 /* BannerMovie.swift */,
				3B2D72BB2B6DAFD000BD5C64 /* Season.swift */,
			);
			path = Model;
			sourceTree = "<group>";
		};
		3B6D5DAA2AF19FF900F0C98F /* Search */ = {
			isa = PBXGroup;
			children = (
				3B4996DF2ACFC2A500EFF588 /* SearchViewController.swift */,
				3B6D5DAB2AF1A07100F0C98F /* CategoryTableViewController.swift */,
			);
			path = Search;
			sourceTree = "<group>";
		};
		3B8B56902A6A881400119AD7 = {
			isa = PBXGroup;
			children = (
				3B4E89CB2ACB15DF003B2009 /* Model */,
				3B4E89C82ACB0737003B2009 /* SharedInstance */,
				3B8B569B2A6A881400119AD7 /* OzinsheDemo */,
				3B8B569A2A6A881400119AD7 /* Products */,
				56726EC354A89FFFE29A0836 /* Pods */,
				D8754BBCFF9A8F77E90FC0D5 /* Frameworks */,
			);
			sourceTree = "<group>";
		};
		3B8B569A2A6A881400119AD7 /* Products */ = {
			isa = PBXGroup;
			children = (
				3B8B56992A6A881400119AD7 /* OzinsheDemo.app */,
			);
			name = Products;
			sourceTree = "<group>";
		};
		3B8B569B2A6A881400119AD7 /* OzinsheDemo */ = {
			isa = PBXGroup;
			children = (
				3B4E89C32ACB04B6003B2009 /* Static */,
				3BD01E932AC7E14B00EB3B49 /* Extensions */,
				3B25CDC52A6AAEB000F86548 /* Controllers */,
				3B8B56B22A6AA39400119AD7 /* Fonts */,
				3B8B569C2A6A881400119AD7 /* AppDelegate.swift */,
				3B8B569E2A6A881400119AD7 /* SceneDelegate.swift */,
				3B8B56A22A6A881400119AD7 /* Main.storyboard */,
				3B8B56A52A6A881400119AD7 /* Assets.xcassets */,
				3B8B56A72A6A881400119AD7 /* LaunchScreen.storyboard */,
				3B8B56AA2A6A881400119AD7 /* Info.plist */,
				3B520ECC2A801C1E00B978D7 /* Localizable.strings */,
			);
			path = OzinsheDemo;
			sourceTree = "<group>";
		};
		3B8B56B22A6AA39400119AD7 /* Fonts */ = {
			isa = PBXGroup;
			children = (
				3B8B56B42A6AA3A700119AD7 /* SF-Pro-Display-Semibold.otf */,
				3B8B56B52A6AA3A700119AD7 /* SFProDisplay-Bold.ttf */,
				3B8B56B32A6AA3A700119AD7 /* SFProDisplay-Regular.ttf */,
			);
			path = Fonts;
			sourceTree = "<group>";
		};
		3BD01E932AC7E14B00EB3B49 /* Extensions */ = {
			isa = PBXGroup;
			children = (
				3BD01E942AC7E17A00EB3B49 /* TextFieldWithPadding.swift */,
				3B89E80D2B0B5D18006FAB6E /* GradientView.swift */,
				3BE88CEF2B2E1F7200EA5A23 /* Label.swift */,
			);
			path = Extensions;
			sourceTree = "<group>";
		};
		3BDC7ED12AFC9CF2009DF06B /* MainPage */ = {
			isa = PBXGroup;
			children = (
				3BDC7ED22AFC9D1E009DF06B /* MainPageViewController.swift */,
				3BDC7ED42AFD2374009DF06B /* MainTableViewCell.swift */,
				3BD946AD2B04EA0900D43340 /* MainBannerTableViewCell.swift */,
				3BD946AF2B04EA2A00D43340 /* HistoryTableViewCell.swift */,
				3BD946B12B04EA3900D43340 /* GenreAgeTableViewCell.swift */,
				3B66DCC52B04EE48005DE52D /* BannerCollectionViewCell.swift */,
			);
			path = MainPage;
			sourceTree = "<group>";
		};
		3BE88CEC2B2E158000EA5A23 /* MovieInfo */ = {
			isa = PBXGroup;
			children = (
				3B89E80B2B0B49C0006FAB6E /* MovieInfoViewController.swift */,
			);
			path = MovieInfo;
			sourceTree = "<group>";
		};
		3BE88CF12B2E497100EA5A23 /* MoviePlayer */ = {
			isa = PBXGroup;
			children = (
				3BE88CF22B2E498A00EA5A23 /* MoviePlayerViewController.swift */,
			);
			path = MoviePlayer;
			sourceTree = "<group>";
		};
		3BFEC6BC2AC7B20F002D89EA /* Profile */ = {
			isa = PBXGroup;
			children = (
				3B3FEB992A802D61007C1453 /* ProfileViewController.swift */,
				3B3FEB9B2A803549007C1453 /* LanguageViewController.swift */,
				3B8F45D32A88BCC000BB21A3 /* EditProfileViewController.swift */,
				3B32AA712AAC3EB300B1CACA /* LeaveProfileViewController.swift */,
				3B9BBBF42C6C69120073D9C5 /* ChangePasswordViewController.swift */,
			);
			path = Profile;
			sourceTree = "<group>";
		};
		3BFEC6BD2AC7B21A002D89EA /* Favorite */ = {
			isa = PBXGroup;
			children = (
				3B25CDC62A6AAEFB00F86548 /* FavoriteTableViewController.swift */,
			);
			path = Favorite;
			sourceTree = "<group>";
		};
		56726EC354A89FFFE29A0836 /* Pods */ = {
			isa = PBXGroup;
			children = (
				D3682545D25691642C52235E /* Pods-OzinsheDemo.debug.xcconfig */,
				E72B72D5F969B03141CACF6E /* Pods-OzinsheDemo.release.xcconfig */,
			);
			path = Pods;
			sourceTree = "<group>";
		};
		D8754BBCFF9A8F77E90FC0D5 /* Frameworks */ = {
			isa = PBXGroup;
			children = (
				3BDC7ECD2AF8ACB8009DF06B /* SwiftUI.framework */,
				868BA76430E6791776B54DC5 /* Pods_OzinsheDemo.framework */,
			);
			name = Frameworks;
			sourceTree = "<group>";
		};
/* End PBXGroup section */

/* Begin PBXNativeTarget section */
		3B8B56982A6A881400119AD7 /* OzinsheDemo */ = {
			isa = PBXNativeTarget;
			buildConfigurationList = 3B8B56AD2A6A881400119AD7 /* Build configuration list for PBXNativeTarget "OzinsheDemo" */;
			buildPhases = (
				EC2A826D676E2F3CDA71B6E5 /* [CP] Check Pods Manifest.lock */,
				3B8B56952A6A881400119AD7 /* Sources */,
				3B8B56962A6A881400119AD7 /* Frameworks */,
				3B8B56972A6A881400119AD7 /* Resources */,
				7420F2D0BF025F80104C6D31 /* [CP] Embed Pods Frameworks */,
			);
			buildRules = (
			);
			dependencies = (
			);
			name = OzinsheDemo;
			productName = OzinsheDemo;
			productReference = 3B8B56992A6A881400119AD7 /* OzinsheDemo.app */;
			productType = "com.apple.product-type.application";
		};
/* End PBXNativeTarget section */

/* Begin PBXProject section */
		3B8B56912A6A881400119AD7 /* Project object */ = {
			isa = PBXProject;
			attributes = {
				BuildIndependentTargetsInParallel = 1;
				LastSwiftUpdateCheck = 1430;
				LastUpgradeCheck = 1430;
				TargetAttributes = {
					3B8B56982A6A881400119AD7 = {
						CreatedOnToolsVersion = 14.3;
					};
				};
			};
			buildConfigurationList = 3B8B56942A6A881400119AD7 /* Build configuration list for PBXProject "OzinsheDemo" */;
			compatibilityVersion = "Xcode 14.0";
			developmentRegion = en;
			hasScannedForEncodings = 0;
			knownRegions = (
				en,
				Base,
				ru,
				kk,
			);
			mainGroup = 3B8B56902A6A881400119AD7;
			productRefGroup = 3B8B569A2A6A881400119AD7 /* Products */;
			projectDirPath = "";
			projectRoot = "";
			targets = (
				3B8B56982A6A881400119AD7 /* OzinsheDemo */,
			);
		};
/* End PBXProject section */

/* Begin PBXResourcesBuildPhase section */
		3B8B56972A6A881400119AD7 /* Resources */ = {
			isa = PBXResourcesBuildPhase;
			buildActionMask = 2147483647;
			files = (
				3B8B56A92A6A881400119AD7 /* LaunchScreen.storyboard in Resources */,
				3B8B56A62A6A881400119AD7 /* Assets.xcassets in Resources */,
				3B8B56B72A6AA3A700119AD7 /* SF-Pro-Display-Semibold.otf in Resources */,
				3B520ECA2A801C1E00B978D7 /* Localizable.strings in Resources */,
				3B8B56B82A6AA3A700119AD7 /* SFProDisplay-Bold.ttf in Resources */,
				3B8B56A42A6A881400119AD7 /* Main.storyboard in Resources */,
				3B6D5DAE2AF1A34700F0C98F /* MovieCell.xib in Resources */,
				3B8B56B62A6AA3A700119AD7 /* SFProDisplay-Regular.ttf in Resources */,
			);
			runOnlyForDeploymentPostprocessing = 0;
		};
/* End PBXResourcesBuildPhase section */

/* Begin PBXShellScriptBuildPhase section */
		7420F2D0BF025F80104C6D31 /* [CP] Embed Pods Frameworks */ = {
			isa = PBXShellScriptBuildPhase;
			buildActionMask = 2147483647;
			files = (
			);
			inputFileListPaths = (
				"${PODS_ROOT}/Target Support Files/Pods-OzinsheDemo/Pods-OzinsheDemo-frameworks-${CONFIGURATION}-input-files.xcfilelist",
			);
			name = "[CP] Embed Pods Frameworks";
			outputFileListPaths = (
				"${PODS_ROOT}/Target Support Files/Pods-OzinsheDemo/Pods-OzinsheDemo-frameworks-${CONFIGURATION}-output-files.xcfilelist",
			);
			runOnlyForDeploymentPostprocessing = 0;
			shellPath = /bin/sh;
			shellScript = "\"${PODS_ROOT}/Target Support Files/Pods-OzinsheDemo/Pods-OzinsheDemo-frameworks.sh\"\n";
			showEnvVarsInLog = 0;
		};
		EC2A826D676E2F3CDA71B6E5 /* [CP] Check Pods Manifest.lock */ = {
			isa = PBXShellScriptBuildPhase;
			buildActionMask = 2147483647;
			files = (
			);
			inputFileListPaths = (
			);
			inputPaths = (
				"${PODS_PODFILE_DIR_PATH}/Podfile.lock",
				"${PODS_ROOT}/Manifest.lock",
			);
			name = "[CP] Check Pods Manifest.lock";
			outputFileListPaths = (
			);
			outputPaths = (
				"$(DERIVED_FILE_DIR)/Pods-OzinsheDemo-checkManifestLockResult.txt",
			);
			runOnlyForDeploymentPostprocessing = 0;
			shellPath = /bin/sh;
			shellScript = "diff \"${PODS_PODFILE_DIR_PATH}/Podfile.lock\" \"${PODS_ROOT}/Manifest.lock\" > /dev/null\nif [ $? != 0 ] ; then\n    # print error to STDERR\n    echo \"error: The sandbox is not in sync with the Podfile.lock. Run 'pod install' or update your CocoaPods installation.\" >&2\n    exit 1\nfi\n# This output is used by Xcode 'outputs' to avoid re-running this script phase.\necho \"SUCCESS\" > \"${SCRIPT_OUTPUT_FILE_0}\"\n";
			showEnvVarsInLog = 0;
		};
/* End PBXShellScriptBuildPhase section */

/* Begin PBXSourcesBuildPhase section */
		3B8B56952A6A881400119AD7 /* Sources */ = {
			isa = PBXSourcesBuildPhase;
			buildActionMask = 2147483647;
			files = (
				3BD946B22B04EA3900D43340 /* GenreAgeTableViewCell.swift in Sources */,
				3B2D72BC2B6DAFD000BD5C64 /* Season.swift in Sources */,
				3B4E89CD2ACB15EE003B2009 /* Movie.swift in Sources */,
				3B89E80E2B0B5D18006FAB6E /* GradientView.swift in Sources */,
				3B25CDC72A6AAEFB00F86548 /* FavoriteTableViewController.swift in Sources */,
				3B9BBBF52C6C69120073D9C5 /* ChangePasswordViewController.swift in Sources */,
				3B89E80C2B0B49C0006FAB6E /* MovieInfoViewController.swift in Sources */,
				3BD946B02B04EA2A00D43340 /* HistoryTableViewCell.swift in Sources */,
				3B8B56A12A6A881400119AD7 /* SignInViewController.swift in Sources */,
				3B3FEB9C2A803549007C1453 /* LanguageViewController.swift in Sources */,
				3B4E89CF2ACB16AA003B2009 /* Screenshot.swift in Sources */,
				3B4E89D52ACB16D1003B2009 /* Category.swift in Sources */,
				3B4E89C52ACB04C6003B2009 /* Urls.swift in Sources */,
				3B25CDC92A6AB02100F86548 /* MovieTableViewCell.swift in Sources */,
				3BDC7ED02AFC9BAC009DF06B /* MainMovies.swift in Sources */,
				3BDC7ED52AFD2374009DF06B /* MainTableViewCell.swift in Sources */,
				3BE88CF02B2E1F7200EA5A23 /* Label.swift in Sources */,
				3B4E89D12ACB16B7003B2009 /* CategoryAge.swift in Sources */,
				3B8B56B12A6A9B7400119AD7 /* TabBarController.swift in Sources */,
				3B3FEB9A2A802D61007C1453 /* ProfileViewController.swift in Sources */,
				3B2D72BA2B6DAACB00BD5C64 /* SeasonsSeriesViewController.swift in Sources */,
				3B4E89D32ACB16C5003B2009 /* Genre.swift in Sources */,
				3B32AA722AAC3EB300B1CACA /* LeaveProfileViewController.swift in Sources */,
				3BE88CF32B2E498A00EA5A23 /* MoviePlayerViewController.swift in Sources */,
				3BD01E952AC7E17A00EB3B49 /* TextFieldWithPadding.swift in Sources */,
				3B66DCC62B04EE48005DE52D /* BannerCollectionViewCell.swift in Sources */,
				3BD946AC2B04E85B00D43340 /* BannerMovie.swift in Sources */,
				3B4E89D92ACE98D7003B2009 /* SignUpViewController.swift in Sources */,
				3BDC7ED32AFC9D1E009DF06B /* MainPageViewController.swift in Sources */,
				3B6D5DAC2AF1A07100F0C98F /* CategoryTableViewController.swift in Sources */,
				3B66DCC82B062FA1005DE52D /* OnboardingViewController.swift in Sources */,
				3BD946AE2B04EA0900D43340 /* MainBannerTableViewCell.swift in Sources */,
				3B4996E02ACFC2A500EFF588 /* SearchViewController.swift in Sources */,
				3B8B569D2A6A881400119AD7 /* AppDelegate.swift in Sources */,
				3B8B569F2A6A881400119AD7 /* SceneDelegate.swift in Sources */,
				3B4E89D72ACD333A003B2009 /* Profile.swift in Sources */,
				3B8F45D42A88BCC000BB21A3 /* EditProfileViewController.swift in Sources */,
				3B4E89CA2ACB0744003B2009 /* Storage.swift in Sources */,
			);
			runOnlyForDeploymentPostprocessing = 0;
		};
/* End PBXSourcesBuildPhase section */

/* Begin PBXVariantGroup section */
		3B520ECC2A801C1E00B978D7 /* Localizable.strings */ = {
			isa = PBXVariantGroup;
			children = (
				3B520ECB2A801C1E00B978D7 /* en */,
				3B520ECD2A801C5F00B978D7 /* ru */,
				3B520ECE2A801C9600B978D7 /* kk */,
			);
			name = Localizable.strings;
			sourceTree = "<group>";
		};
		3B8B56A22A6A881400119AD7 /* Main.storyboard */ = {
			isa = PBXVariantGroup;
			children = (
				3B8B56A32A6A881400119AD7 /* Base */,
			);
			name = Main.storyboard;
			sourceTree = "<group>";
		};
		3B8B56A72A6A881400119AD7 /* LaunchScreen.storyboard */ = {
			isa = PBXVariantGroup;
			children = (
				3B8B56A82A6A881400119AD7 /* Base */,
			);
			name = LaunchScreen.storyboard;
			sourceTree = "<group>";
		};
/* End PBXVariantGroup section */

/* Begin XCBuildConfiguration section */
		3B8B56AB2A6A881400119AD7 /* Debug */ = {
			isa = XCBuildConfiguration;
			buildSettings = {
				ALWAYS_SEARCH_USER_PATHS = NO;
				CLANG_ANALYZER_LOCALIZABILITY_NONLOCALIZED = YES;
				CLANG_ANALYZER_NONNULL = YES;
				CLANG_ANALYZER_NUMBER_OBJECT_CONVERSION = YES_AGGRESSIVE;
				CLANG_CXX_LANGUAGE_STANDARD = "gnu++20";
				CLANG_ENABLE_MODULES = YES;
				CLANG_ENABLE_OBJC_ARC = YES;
				CLANG_ENABLE_OBJC_WEAK = YES;
				CLANG_WARN_BLOCK_CAPTURE_AUTORELEASING = YES;
				CLANG_WARN_BOOL_CONVERSION = YES;
				CLANG_WARN_COMMA = YES;
				CLANG_WARN_CONSTANT_CONVERSION = YES;
				CLANG_WARN_DEPRECATED_OBJC_IMPLEMENTATIONS = YES;
				CLANG_WARN_DIRECT_OBJC_ISA_USAGE = YES_ERROR;
				CLANG_WARN_DOCUMENTATION_COMMENTS = YES;
				CLANG_WARN_EMPTY_BODY = YES;
				CLANG_WARN_ENUM_CONVERSION = YES;
				CLANG_WARN_INFINITE_RECURSION = YES;
				CLANG_WARN_INT_CONVERSION = YES;
				CLANG_WARN_NON_LITERAL_NULL_CONVERSION = YES;
				CLANG_WARN_OBJC_IMPLICIT_RETAIN_SELF = YES;
				CLANG_WARN_OBJC_LITERAL_CONVERSION = YES;
				CLANG_WARN_OBJC_ROOT_CLASS = YES_ERROR;
				CLANG_WARN_QUOTED_INCLUDE_IN_FRAMEWORK_HEADER = YES;
				CLANG_WARN_RANGE_LOOP_ANALYSIS = YES;
				CLANG_WARN_STRICT_PROTOTYPES = YES;
				CLANG_WARN_SUSPICIOUS_MOVE = YES;
				CLANG_WARN_UNGUARDED_AVAILABILITY = YES_AGGRESSIVE;
				CLANG_WARN_UNREACHABLE_CODE = YES;
				CLANG_WARN__DUPLICATE_METHOD_MATCH = YES;
				COPY_PHASE_STRIP = NO;
				DEBUG_INFORMATION_FORMAT = dwarf;
				ENABLE_STRICT_OBJC_MSGSEND = YES;
				ENABLE_TESTABILITY = YES;
				GCC_C_LANGUAGE_STANDARD = gnu11;
				GCC_DYNAMIC_NO_PIC = NO;
				GCC_NO_COMMON_BLOCKS = YES;
				GCC_OPTIMIZATION_LEVEL = 0;
				GCC_PREPROCESSOR_DEFINITIONS = (
					"DEBUG=1",
					"$(inherited)",
				);
				GCC_WARN_64_TO_32_BIT_CONVERSION = YES;
				GCC_WARN_ABOUT_RETURN_TYPE = YES_ERROR;
				GCC_WARN_UNDECLARED_SELECTOR = YES;
				GCC_WARN_UNINITIALIZED_AUTOS = YES_AGGRESSIVE;
				GCC_WARN_UNUSED_FUNCTION = YES;
				GCC_WARN_UNUSED_VARIABLE = YES;
				IPHONEOS_DEPLOYMENT_TARGET = 13.0;
				MTL_ENABLE_DEBUG_INFO = INCLUDE_SOURCE;
				MTL_FAST_MATH = YES;
				ONLY_ACTIVE_ARCH = YES;
				SDKROOT = iphoneos;
				SWIFT_ACTIVE_COMPILATION_CONDITIONS = DEBUG;
				SWIFT_OPTIMIZATION_LEVEL = "-Onone";
			};
			name = Debug;
		};
		3B8B56AC2A6A881400119AD7 /* Release */ = {
			isa = XCBuildConfiguration;
			buildSettings = {
				ALWAYS_SEARCH_USER_PATHS = NO;
				CLANG_ANALYZER_LOCALIZABILITY_NONLOCALIZED = YES;
				CLANG_ANALYZER_NONNULL = YES;
				CLANG_ANALYZER_NUMBER_OBJECT_CONVERSION = YES_AGGRESSIVE;
				CLANG_CXX_LANGUAGE_STANDARD = "gnu++20";
				CLANG_ENABLE_MODULES = YES;
				CLANG_ENABLE_OBJC_ARC = YES;
				CLANG_ENABLE_OBJC_WEAK = YES;
				CLANG_WARN_BLOCK_CAPTURE_AUTORELEASING = YES;
				CLANG_WARN_BOOL_CONVERSION = YES;
				CLANG_WARN_COMMA = YES;
				CLANG_WARN_CONSTANT_CONVERSION = YES;
				CLANG_WARN_DEPRECATED_OBJC_IMPLEMENTATIONS = YES;
				CLANG_WARN_DIRECT_OBJC_ISA_USAGE = YES_ERROR;
				CLANG_WARN_DOCUMENTATION_COMMENTS = YES;
				CLANG_WARN_EMPTY_BODY = YES;
				CLANG_WARN_ENUM_CONVERSION = YES;
				CLANG_WARN_INFINITE_RECURSION = YES;
				CLANG_WARN_INT_CONVERSION = YES;
				CLANG_WARN_NON_LITERAL_NULL_CONVERSION = YES;
				CLANG_WARN_OBJC_IMPLICIT_RETAIN_SELF = YES;
				CLANG_WARN_OBJC_LITERAL_CONVERSION = YES;
				CLANG_WARN_OBJC_ROOT_CLASS = YES_ERROR;
				CLANG_WARN_QUOTED_INCLUDE_IN_FRAMEWORK_HEADER = YES;
				CLANG_WARN_RANGE_LOOP_ANALYSIS = YES;
				CLANG_WARN_STRICT_PROTOTYPES = YES;
				CLANG_WARN_SUSPICIOUS_MOVE = YES;
				CLANG_WARN_UNGUARDED_AVAILABILITY = YES_AGGRESSIVE;
				CLANG_WARN_UNREACHABLE_CODE = YES;
				CLANG_WARN__DUPLICATE_METHOD_MATCH = YES;
				COPY_PHASE_STRIP = NO;
				DEBUG_INFORMATION_FORMAT = "dwarf-with-dsym";
				ENABLE_NS_ASSERTIONS = NO;
				ENABLE_STRICT_OBJC_MSGSEND = YES;
				GCC_C_LANGUAGE_STANDARD = gnu11;
				GCC_NO_COMMON_BLOCKS = YES;
				GCC_WARN_64_TO_32_BIT_CONVERSION = YES;
				GCC_WARN_ABOUT_RETURN_TYPE = YES_ERROR;
				GCC_WARN_UNDECLARED_SELECTOR = YES;
				GCC_WARN_UNINITIALIZED_AUTOS = YES_AGGRESSIVE;
				GCC_WARN_UNUSED_FUNCTION = YES;
				GCC_WARN_UNUSED_VARIABLE = YES;
				IPHONEOS_DEPLOYMENT_TARGET = 13.0;
				MTL_ENABLE_DEBUG_INFO = NO;
				MTL_FAST_MATH = YES;
				SDKROOT = iphoneos;
				SWIFT_COMPILATION_MODE = wholemodule;
				SWIFT_OPTIMIZATION_LEVEL = "-O";
				VALIDATE_PRODUCT = YES;
			};
			name = Release;
		};
		3B8B56AE2A6A881400119AD7 /* Debug */ = {
			isa = XCBuildConfiguration;
			baseConfigurationReference = D3682545D25691642C52235E /* Pods-OzinsheDemo.debug.xcconfig */;
			buildSettings = {
				ASSETCATALOG_COMPILER_APPICON_NAME = AppIcon;
				ASSETCATALOG_COMPILER_GLOBAL_ACCENT_COLOR_NAME = AccentColor;
				CODE_SIGN_STYLE = Automatic;
				CURRENT_PROJECT_VERSION = 1;
				GENERATE_INFOPLIST_FILE = YES;
				INFOPLIST_FILE = OzinsheDemo/Info.plist;
				INFOPLIST_KEY_UIApplicationSupportsIndirectInputEvents = YES;
				INFOPLIST_KEY_UILaunchStoryboardName = LaunchScreen;
				INFOPLIST_KEY_UIMainStoryboardFile = Main;
				INFOPLIST_KEY_UISupportedInterfaceOrientations_iPad = "UIInterfaceOrientationPortrait UIInterfaceOrientationPortraitUpsideDown UIInterfaceOrientationLandscapeLeft UIInterfaceOrientationLandscapeRight";
				INFOPLIST_KEY_UISupportedInterfaceOrientations_iPhone = "UIInterfaceOrientationPortrait UIInterfaceOrientationLandscapeLeft UIInterfaceOrientationLandscapeRight";
				IPHONEOS_DEPLOYMENT_TARGET = 16.0;
				LD_RUNPATH_SEARCH_PATHS = (
					"$(inherited)",
					"@executable_path/Frameworks",
				);
				MARKETING_VERSION = 1.0;
				PRODUCT_BUNDLE_IDENTIFIER = winter.OzinsheDemo;
				PRODUCT_NAME = "$(TARGET_NAME)";
				SUPPORTED_PLATFORMS = "iphoneos iphonesimulator";
				SUPPORTS_MACCATALYST = NO;
				SUPPORTS_MAC_DESIGNED_FOR_IPHONE_IPAD = NO;
				SWIFT_EMIT_LOC_STRINGS = YES;
				SWIFT_VERSION = 5.0;
				TARGETED_DEVICE_FAMILY = 1;
			};
			name = Debug;
		};
		3B8B56AF2A6A881400119AD7 /* Release */ = {
			isa = XCBuildConfiguration;
			baseConfigurationReference = E72B72D5F969B03141CACF6E /* Pods-OzinsheDemo.release.xcconfig */;
			buildSettings = {
				ASSETCATALOG_COMPILER_APPICON_NAME = AppIcon;
				ASSETCATALOG_COMPILER_GLOBAL_ACCENT_COLOR_NAME = AccentColor;
				CODE_SIGN_STYLE = Automatic;
				CURRENT_PROJECT_VERSION = 1;
				GENERATE_INFOPLIST_FILE = YES;
				INFOPLIST_FILE = OzinsheDemo/Info.plist;
				INFOPLIST_KEY_UIApplicationSupportsIndirectInputEvents = YES;
				INFOPLIST_KEY_UILaunchStoryboardName = LaunchScreen;
				INFOPLIST_KEY_UIMainStoryboardFile = Main;
				INFOPLIST_KEY_UISupportedInterfaceOrientations_iPad = "UIInterfaceOrientationPortrait UIInterfaceOrientationPortraitUpsideDown UIInterfaceOrientationLandscapeLeft UIInterfaceOrientationLandscapeRight";
				INFOPLIST_KEY_UISupportedInterfaceOrientations_iPhone = "UIInterfaceOrientationPortrait UIInterfaceOrientationLandscapeLeft UIInterfaceOrientationLandscapeRight";
				IPHONEOS_DEPLOYMENT_TARGET = 16.0;
				LD_RUNPATH_SEARCH_PATHS = (
					"$(inherited)",
					"@executable_path/Frameworks",
				);
				MARKETING_VERSION = 1.0;
				PRODUCT_BUNDLE_IDENTIFIER = winter.OzinsheDemo;
				PRODUCT_NAME = "$(TARGET_NAME)";
				SUPPORTED_PLATFORMS = "iphoneos iphonesimulator";
				SUPPORTS_MACCATALYST = NO;
				SUPPORTS_MAC_DESIGNED_FOR_IPHONE_IPAD = NO;
				SWIFT_EMIT_LOC_STRINGS = YES;
				SWIFT_VERSION = 5.0;
				TARGETED_DEVICE_FAMILY = 1;
			};
			name = Release;
		};
/* End XCBuildConfiguration section */

/* Begin XCConfigurationList section */
		3B8B56942A6A881400119AD7 /* Build configuration list for PBXProject "OzinsheDemo" */ = {
			isa = XCConfigurationList;
			buildConfigurations = (
				3B8B56AB2A6A881400119AD7 /* Debug */,
				3B8B56AC2A6A881400119AD7 /* Release */,
			);
			defaultConfigurationIsVisible = 0;
			defaultConfigurationName = Release;
		};
		3B8B56AD2A6A881400119AD7 /* Build configuration list for PBXNativeTarget "OzinsheDemo" */ = {
			isa = XCConfigurationList;
			buildConfigurations = (
				3B8B56AE2A6A881400119AD7 /* Debug */,
				3B8B56AF2A6A881400119AD7 /* Release */,
			);
			defaultConfigurationIsVisible = 0;
			defaultConfigurationName = Release;
		};
/* End XCConfigurationList section */
	};
	rootObject = 3B8B56912A6A881400119AD7 /* Project object */;
}
